// !$*UTF8*$!
{
	archiveVersion = 1;
	classes = {
	};
	objectVersion = 56;
	objects = {

/* Begin PBXBuildFile section */
		68241DCC2A315C720023B109 /* NextScreen.swift in Sources */ = {isa = PBXBuildFile; fileRef = 68241DCB2A315C720023B109 /* NextScreen.swift */; };
		6886B7BA2A36FEF40015749C /* eedu.mov in Resources */ = {isa = PBXBuildFile; fileRef = 6886B7B92A36FEF40015749C /* eedu.mov */; };
		68BE92792A3618B300A86AC7 /* edu.MOV in Resources */ = {isa = PBXBuildFile; fileRef = 68BE92782A3618B300A86AC7 /* edu.MOV */; };
		68BE927B2A3618D700A86AC7 /* PlaySound.swift in Sources */ = {isa = PBXBuildFile; fileRef = 68BE927A2A3618D700A86AC7 /* PlaySound.swift */; };
		68BE927D2A36191600A86AC7 /* play.mp3 in Resources */ = {isa = PBXBuildFile; fileRef = 68BE927C2A36191600A86AC7 /* play.mp3 */; };
		68BE927F2A36194100A86AC7 /* VideoView.swift in Sources */ = {isa = PBXBuildFile; fileRef = 68BE927E2A36194100A86AC7 /* VideoView.swift */; };
		B430BE8B2A320A5700B18D0F /* edukasi 2.swift in Sources */ = {isa = PBXBuildFile; fileRef = B430BE8A2A320A5700B18D0F /* edukasi 2.swift */; };
		B430BE8D2A321FAA00B18D0F /* screenqoni3.swift in Sources */ = {isa = PBXBuildFile; fileRef = B430BE8C2A321FAA00B18D0F /* screenqoni3.swift */; };
		B463FB822A3718DC00009B2D /* PembalutEdu2.swift in Sources */ = {isa = PBXBuildFile; fileRef = B463FB812A3718DC00009B2D /* PembalutEdu2.swift */; };
		B4C3CFB32A30DB3C00D95627 /* screenqoni.swift in Sources */ = {isa = PBXBuildFile; fileRef = B4C3CFB22A30DB3C00D95627 /* screenqoni.swift */; };
		B4C3CFB52A30E59A00D95627 /* screenqoni2.swift in Sources */ = {isa = PBXBuildFile; fileRef = B4C3CFB42A30E59A00D95627 /* screenqoni2.swift */; };
		B4D915062A31EDF400CB2AA9 /* edukasi.swift in Sources */ = {isa = PBXBuildFile; fileRef = B4D915052A31EDF400CB2AA9 /* edukasi.swift */; };
		BF3F476F2A31E03D00760C22 /* screenbillbert.swift in Sources */ = {isa = PBXBuildFile; fileRef = BF3F476E2A31E03D00760C22 /* screenbillbert.swift */; };
		BF845BE72A2C7DBE00C51118 /* aplikasiiiApp.swift in Sources */ = {isa = PBXBuildFile; fileRef = BF845BE62A2C7DBE00C51118 /* aplikasiiiApp.swift */; };
		BF845BE92A2C7DBE00C51118 /* ContentView.swift in Sources */ = {isa = PBXBuildFile; fileRef = BF845BE82A2C7DBE00C51118 /* ContentView.swift */; };
		BF845BEB2A2C7DBF00C51118 /* Assets.xcassets in Resources */ = {isa = PBXBuildFile; fileRef = BF845BEA2A2C7DBF00C51118 /* Assets.xcassets */; };
		BF845BEE2A2C7DBF00C51118 /* Preview Assets.xcassets in Resources */ = {isa = PBXBuildFile; fileRef = BF845BED2A2C7DBF00C51118 /* Preview Assets.xcassets */; };
		BF845BF82A2C7DBF00C51118 /* aplikasiiiTests.swift in Sources */ = {isa = PBXBuildFile; fileRef = BF845BF72A2C7DBF00C51118 /* aplikasiiiTests.swift */; };
		BF845C022A2C7DBF00C51118 /* aplikasiiiUITests.swift in Sources */ = {isa = PBXBuildFile; fileRef = BF845C012A2C7DBF00C51118 /* aplikasiiiUITests.swift */; };
		BF845C042A2C7DBF00C51118 /* aplikasiiiUITestsLaunchTests.swift in Sources */ = {isa = PBXBuildFile; fileRef = BF845C032A2C7DBF00C51118 /* aplikasiiiUITestsLaunchTests.swift */; };
		BF845C132A2C831A00C51118 /* preview.swift in Sources */ = {isa = PBXBuildFile; fileRef = BF845C122A2C831A00C51118 /* preview.swift */; };
		F1E13A912A324BA2004E46CD /* ScreenBilla.swift in Sources */ = {isa = PBXBuildFile; fileRef = F1E13A902A324BA2004E46CD /* ScreenBilla.swift */; };
		F1E13A932A3256E7004E46CD /* TissueScreen.swift in Sources */ = {isa = PBXBuildFile; fileRef = F1E13A922A3256E7004E46CD /* TissueScreen.swift */; };
		F1E13A962A325F4D004E46CD /* PembalutScreen.swift in Sources */ = {isa = PBXBuildFile; fileRef = F1E13A952A325F4D004E46CD /* PembalutScreen.swift */; };
		F1E13A982A32D536004E46CD /* PembalutEdu.swift in Sources */ = {isa = PBXBuildFile; fileRef = F1E13A972A32D536004E46CD /* PembalutEdu.swift */; };
		F1E13A9C2A32D645004E46CD /* SiapPakaiScreen.swift in Sources */ = {isa = PBXBuildFile; fileRef = F1E13A9B2A32D645004E46CD /* SiapPakaiScreen.swift */; };
		F1E13AA02A32F4B9004E46CD /* sectionBillaScreen.swift in Sources */ = {isa = PBXBuildFile; fileRef = F1E13A9F2A32F4B9004E46CD /* sectionBillaScreen.swift */; };
/* End PBXBuildFile section */

/* Begin PBXContainerItemProxy section */
		BF845BF42A2C7DBF00C51118 /* PBXContainerItemProxy */ = {
			isa = PBXContainerItemProxy;
			containerPortal = BF845BDB2A2C7DBE00C51118 /* Project object */;
			proxyType = 1;
			remoteGlobalIDString = BF845BE22A2C7DBE00C51118;
			remoteInfo = aplikasiii;
		};
		BF845BFE2A2C7DBF00C51118 /* PBXContainerItemProxy */ = {
			isa = PBXContainerItemProxy;
			containerPortal = BF845BDB2A2C7DBE00C51118 /* Project object */;
			proxyType = 1;
			remoteGlobalIDString = BF845BE22A2C7DBE00C51118;
			remoteInfo = aplikasiii;
		};
/* End PBXContainerItemProxy section */

/* Begin PBXFileReference section */
		68241DCB2A315C720023B109 /* NextScreen.swift */ = {isa = PBXFileReference; lastKnownFileType = sourcecode.swift; path = NextScreen.swift; sourceTree = "<group>"; };
		6886B7B92A36FEF40015749C /* eedu.mov */ = {isa = PBXFileReference; lastKnownFileType = video.quicktime; path = eedu.mov; sourceTree = "<group>"; };
		68BE92782A3618B300A86AC7 /* edu.MOV */ = {isa = PBXFileReference; lastKnownFileType = video.quicktime; path = edu.MOV; sourceTree = "<group>"; };
		68BE927A2A3618D700A86AC7 /* PlaySound.swift */ = {isa = PBXFileReference; lastKnownFileType = sourcecode.swift; path = PlaySound.swift; sourceTree = "<group>"; };
		68BE927C2A36191600A86AC7 /* play.mp3 */ = {isa = PBXFileReference; lastKnownFileType = audio.mp3; path = play.mp3; sourceTree = "<group>"; };
		68BE927E2A36194100A86AC7 /* VideoView.swift */ = {isa = PBXFileReference; lastKnownFileType = sourcecode.swift; path = VideoView.swift; sourceTree = "<group>"; };
		B430BE8A2A320A5700B18D0F /* edukasi 2.swift */ = {isa = PBXFileReference; lastKnownFileType = sourcecode.swift; path = "edukasi 2.swift"; sourceTree = "<group>"; };
		B430BE8C2A321FAA00B18D0F /* screenqoni3.swift */ = {isa = PBXFileReference; lastKnownFileType = sourcecode.swift; path = screenqoni3.swift; sourceTree = "<group>"; };
		B463FB812A3718DC00009B2D /* PembalutEdu2.swift */ = {isa = PBXFileReference; lastKnownFileType = sourcecode.swift; path = PembalutEdu2.swift; sourceTree = "<group>"; };
		B4C3CFB22A30DB3C00D95627 /* screenqoni.swift */ = {isa = PBXFileReference; lastKnownFileType = sourcecode.swift; path = screenqoni.swift; sourceTree = "<group>"; };
		B4C3CFB42A30E59A00D95627 /* screenqoni2.swift */ = {isa = PBXFileReference; lastKnownFileType = sourcecode.swift; path = screenqoni2.swift; sourceTree = "<group>"; };
		B4D915052A31EDF400CB2AA9 /* edukasi.swift */ = {isa = PBXFileReference; lastKnownFileType = sourcecode.swift; path = edukasi.swift; sourceTree = "<group>"; };
		BF3F476E2A31E03D00760C22 /* screenbillbert.swift */ = {isa = PBXFileReference; lastKnownFileType = sourcecode.swift; path = screenbillbert.swift; sourceTree = "<group>"; };
		BF845BE32A2C7DBE00C51118 /* aplikasiii.app */ = {isa = PBXFileReference; explicitFileType = wrapper.application; includeInIndex = 0; path = aplikasiii.app; sourceTree = BUILT_PRODUCTS_DIR; };
		BF845BE62A2C7DBE00C51118 /* aplikasiiiApp.swift */ = {isa = PBXFileReference; lastKnownFileType = sourcecode.swift; path = aplikasiiiApp.swift; sourceTree = "<group>"; };
		BF845BE82A2C7DBE00C51118 /* ContentView.swift */ = {isa = PBXFileReference; lastKnownFileType = sourcecode.swift; path = ContentView.swift; sourceTree = "<group>"; };
		BF845BEA2A2C7DBF00C51118 /* Assets.xcassets */ = {isa = PBXFileReference; lastKnownFileType = folder.assetcatalog; path = Assets.xcassets; sourceTree = "<group>"; };
		BF845BED2A2C7DBF00C51118 /* Preview Assets.xcassets */ = {isa = PBXFileReference; lastKnownFileType = folder.assetcatalog; path = "Preview Assets.xcassets"; sourceTree = "<group>"; };
		BF845BF32A2C7DBF00C51118 /* aplikasiiiTests.xctest */ = {isa = PBXFileReference; explicitFileType = wrapper.cfbundle; includeInIndex = 0; path = aplikasiiiTests.xctest; sourceTree = BUILT_PRODUCTS_DIR; };
		BF845BF72A2C7DBF00C51118 /* aplikasiiiTests.swift */ = {isa = PBXFileReference; lastKnownFileType = sourcecode.swift; path = aplikasiiiTests.swift; sourceTree = "<group>"; };
		BF845BFD2A2C7DBF00C51118 /* aplikasiiiUITests.xctest */ = {isa = PBXFileReference; explicitFileType = wrapper.cfbundle; includeInIndex = 0; path = aplikasiiiUITests.xctest; sourceTree = BUILT_PRODUCTS_DIR; };
		BF845C012A2C7DBF00C51118 /* aplikasiiiUITests.swift */ = {isa = PBXFileReference; lastKnownFileType = sourcecode.swift; path = aplikasiiiUITests.swift; sourceTree = "<group>"; };
		BF845C032A2C7DBF00C51118 /* aplikasiiiUITestsLaunchTests.swift */ = {isa = PBXFileReference; lastKnownFileType = sourcecode.swift; path = aplikasiiiUITestsLaunchTests.swift; sourceTree = "<group>"; };
		BF845C122A2C831A00C51118 /* preview.swift */ = {isa = PBXFileReference; lastKnownFileType = sourcecode.swift; path = preview.swift; sourceTree = "<group>"; };
		F1E13A902A324BA2004E46CD /* ScreenBilla.swift */ = {isa = PBXFileReference; lastKnownFileType = sourcecode.swift; path = ScreenBilla.swift; sourceTree = "<group>"; };
		F1E13A922A3256E7004E46CD /* TissueScreen.swift */ = {isa = PBXFileReference; lastKnownFileType = sourcecode.swift; path = TissueScreen.swift; sourceTree = "<group>"; };
		F1E13A952A325F4D004E46CD /* PembalutScreen.swift */ = {isa = PBXFileReference; lastKnownFileType = sourcecode.swift; path = PembalutScreen.swift; sourceTree = "<group>"; };
		F1E13A972A32D536004E46CD /* PembalutEdu.swift */ = {isa = PBXFileReference; lastKnownFileType = sourcecode.swift; path = PembalutEdu.swift; sourceTree = "<group>"; };
		F1E13A9B2A32D645004E46CD /* SiapPakaiScreen.swift */ = {isa = PBXFileReference; lastKnownFileType = sourcecode.swift; path = SiapPakaiScreen.swift; sourceTree = "<group>"; };
		F1E13A9F2A32F4B9004E46CD /* sectionBillaScreen.swift */ = {isa = PBXFileReference; lastKnownFileType = sourcecode.swift; path = sectionBillaScreen.swift; sourceTree = "<group>"; };
/* End PBXFileReference section */

/* Begin PBXFrameworksBuildPhase section */
		BF845BE02A2C7DBE00C51118 /* Frameworks */ = {
			isa = PBXFrameworksBuildPhase;
			buildActionMask = 2147483647;
			files = (
			);
			runOnlyForDeploymentPostprocessing = 0;
		};
		BF845BF02A2C7DBF00C51118 /* Frameworks */ = {
			isa = PBXFrameworksBuildPhase;
			buildActionMask = 2147483647;
			files = (
			);
			runOnlyForDeploymentPostprocessing = 0;
		};
		BF845BFA2A2C7DBF00C51118 /* Frameworks */ = {
			isa = PBXFrameworksBuildPhase;
			buildActionMask = 2147483647;
			files = (
			);
			runOnlyForDeploymentPostprocessing = 0;
		};
/* End PBXFrameworksBuildPhase section */

/* Begin PBXGroup section */
		BF845BDA2A2C7DBE00C51118 = {
			isa = PBXGroup;
			children = (
				BF845BE52A2C7DBE00C51118 /* aplikasiii */,
				BF845BF62A2C7DBF00C51118 /* aplikasiiiTests */,
				BF845C002A2C7DBF00C51118 /* aplikasiiiUITests */,
				BF845BE42A2C7DBE00C51118 /* Products */,
			);
			sourceTree = "<group>";
		};
		BF845BE42A2C7DBE00C51118 /* Products */ = {
			isa = PBXGroup;
			children = (
				BF845BE32A2C7DBE00C51118 /* aplikasiii.app */,
				BF845BF32A2C7DBF00C51118 /* aplikasiiiTests.xctest */,
				BF845BFD2A2C7DBF00C51118 /* aplikasiiiUITests.xctest */,
			);
			name = Products;
			sourceTree = "<group>";
		};
		BF845BE52A2C7DBE00C51118 /* aplikasiii */ = {
			isa = PBXGroup;
			children = (
				BF845BEA2A2C7DBF00C51118 /* Assets.xcassets */,
				BF845BE62A2C7DBE00C51118 /* aplikasiiiApp.swift */,
				BF3F476E2A31E03D00760C22 /* screenbillbert.swift */,
				BF845C122A2C831A00C51118 /* preview.swift */,
				BF845BE82A2C7DBE00C51118 /* ContentView.swift */,
				F1E13A902A324BA2004E46CD /* ScreenBilla.swift */,
				F1E13A922A3256E7004E46CD /* TissueScreen.swift */,
				F1E13A972A32D536004E46CD /* PembalutEdu.swift */,
				B463FB812A3718DC00009B2D /* PembalutEdu2.swift */,
				F1E13A9B2A32D645004E46CD /* SiapPakaiScreen.swift */,
				F1E13A9F2A32F4B9004E46CD /* sectionBillaScreen.swift */,
				F1E13A952A325F4D004E46CD /* PembalutScreen.swift */,
				B4C3CFB22A30DB3C00D95627 /* screenqoni.swift */,
				B4C3CFB42A30E59A00D95627 /* screenqoni2.swift */,
				B430BE8C2A321FAA00B18D0F /* screenqoni3.swift */,
				B4D915052A31EDF400CB2AA9 /* edukasi.swift */,
				B430BE8A2A320A5700B18D0F /* edukasi 2.swift */,
				68241DCB2A315C720023B109 /* NextScreen.swift */,
				68BE927A2A3618D700A86AC7 /* PlaySound.swift */,
				68BE927E2A36194100A86AC7 /* VideoView.swift */,
				68BE927C2A36191600A86AC7 /* play.mp3 */,
				6886B7B92A36FEF40015749C /* eedu.mov */,
				68BE92782A3618B300A86AC7 /* edu.MOV */,
				BF845BEC2A2C7DBF00C51118 /* Preview Content */,
			);
			path = aplikasiii;
			sourceTree = "<group>";
		};
		BF845BEC2A2C7DBF00C51118 /* Preview Content */ = {
			isa = PBXGroup;
			children = (
				BF845BED2A2C7DBF00C51118 /* Preview Assets.xcassets */,
			);
			path = "Preview Content";
			sourceTree = "<group>";
		};
		BF845BF62A2C7DBF00C51118 /* aplikasiiiTests */ = {
			isa = PBXGroup;
			children = (
				BF845BF72A2C7DBF00C51118 /* aplikasiiiTests.swift */,
			);
			path = aplikasiiiTests;
			sourceTree = "<group>";
		};
		BF845C002A2C7DBF00C51118 /* aplikasiiiUITests */ = {
			isa = PBXGroup;
			children = (
				BF845C012A2C7DBF00C51118 /* aplikasiiiUITests.swift */,
				BF845C032A2C7DBF00C51118 /* aplikasiiiUITestsLaunchTests.swift */,
			);
			path = aplikasiiiUITests;
			sourceTree = "<group>";
		};
/* End PBXGroup section */

/* Begin PBXNativeTarget section */
		BF845BE22A2C7DBE00C51118 /* aplikasiii */ = {
			isa = PBXNativeTarget;
			buildConfigurationList = BF845C072A2C7DBF00C51118 /* Build configuration list for PBXNativeTarget "aplikasiii" */;
			buildPhases = (
				BF845BDF2A2C7DBE00C51118 /* Sources */,
				BF845BE02A2C7DBE00C51118 /* Frameworks */,
				BF845BE12A2C7DBE00C51118 /* Resources */,
			);
			buildRules = (
			);
			dependencies = (
			);
			name = aplikasiii;
			productName = aplikasiii;
			productReference = BF845BE32A2C7DBE00C51118 /* aplikasiii.app */;
			productType = "com.apple.product-type.application";
		};
		BF845BF22A2C7DBF00C51118 /* aplikasiiiTests */ = {
			isa = PBXNativeTarget;
			buildConfigurationList = BF845C0A2A2C7DBF00C51118 /* Build configuration list for PBXNativeTarget "aplikasiiiTests" */;
			buildPhases = (
				BF845BEF2A2C7DBF00C51118 /* Sources */,
				BF845BF02A2C7DBF00C51118 /* Frameworks */,
				BF845BF12A2C7DBF00C51118 /* Resources */,
			);
			buildRules = (
			);
			dependencies = (
				BF845BF52A2C7DBF00C51118 /* PBXTargetDependency */,
			);
			name = aplikasiiiTests;
			productName = aplikasiiiTests;
			productReference = BF845BF32A2C7DBF00C51118 /* aplikasiiiTests.xctest */;
			productType = "com.apple.product-type.bundle.unit-test";
		};
		BF845BFC2A2C7DBF00C51118 /* aplikasiiiUITests */ = {
			isa = PBXNativeTarget;
			buildConfigurationList = BF845C0D2A2C7DBF00C51118 /* Build configuration list for PBXNativeTarget "aplikasiiiUITests" */;
			buildPhases = (
				BF845BF92A2C7DBF00C51118 /* Sources */,
				BF845BFA2A2C7DBF00C51118 /* Frameworks */,
				BF845BFB2A2C7DBF00C51118 /* Resources */,
			);
			buildRules = (
			);
			dependencies = (
				BF845BFF2A2C7DBF00C51118 /* PBXTargetDependency */,
			);
			name = aplikasiiiUITests;
			productName = aplikasiiiUITests;
			productReference = BF845BFD2A2C7DBF00C51118 /* aplikasiiiUITests.xctest */;
			productType = "com.apple.product-type.bundle.ui-testing";
		};
/* End PBXNativeTarget section */

/* Begin PBXProject section */
		BF845BDB2A2C7DBE00C51118 /* Project object */ = {
			isa = PBXProject;
			attributes = {
				BuildIndependentTargetsInParallel = 1;
				LastSwiftUpdateCheck = 1430;
				LastUpgradeCheck = 1430;
				TargetAttributes = {
					BF845BE22A2C7DBE00C51118 = {
						CreatedOnToolsVersion = 14.3;
					};
					BF845BF22A2C7DBF00C51118 = {
						CreatedOnToolsVersion = 14.3;
						TestTargetID = BF845BE22A2C7DBE00C51118;
					};
					BF845BFC2A2C7DBF00C51118 = {
						CreatedOnToolsVersion = 14.3;
						TestTargetID = BF845BE22A2C7DBE00C51118;
					};
				};
			};
			buildConfigurationList = BF845BDE2A2C7DBE00C51118 /* Build configuration list for PBXProject "aplikasiii" */;
			compatibilityVersion = "Xcode 14.0";
			developmentRegion = en;
			hasScannedForEncodings = 0;
			knownRegions = (
				en,
				Base,
			);
			mainGroup = BF845BDA2A2C7DBE00C51118;
			productRefGroup = BF845BE42A2C7DBE00C51118 /* Products */;
			projectDirPath = "";
			projectRoot = "";
			targets = (
				BF845BE22A2C7DBE00C51118 /* aplikasiii */,
				BF845BF22A2C7DBF00C51118 /* aplikasiiiTests */,
				BF845BFC2A2C7DBF00C51118 /* aplikasiiiUITests */,
			);
		};
/* End PBXProject section */

/* Begin PBXResourcesBuildPhase section */
		BF845BE12A2C7DBE00C51118 /* Resources */ = {
			isa = PBXResourcesBuildPhase;
			buildActionMask = 2147483647;
			files = (
				68BE927D2A36191600A86AC7 /* play.mp3 in Resources */,
				6886B7BA2A36FEF40015749C /* eedu.mov in Resources */,
				68BE92792A3618B300A86AC7 /* edu.MOV in Resources */,
				BF845BEE2A2C7DBF00C51118 /* Preview Assets.xcassets in Resources */,
				BF845BEB2A2C7DBF00C51118 /* Assets.xcassets in Resources */,
			);
			runOnlyForDeploymentPostprocessing = 0;
		};
		BF845BF12A2C7DBF00C51118 /* Resources */ = {
			isa = PBXResourcesBuildPhase;
			buildActionMask = 2147483647;
			files = (
			);
			runOnlyForDeploymentPostprocessing = 0;
		};
		BF845BFB2A2C7DBF00C51118 /* Resources */ = {
			isa = PBXResourcesBuildPhase;
			buildActionMask = 2147483647;
			files = (
			);
			runOnlyForDeploymentPostprocessing = 0;
		};
/* End PBXResourcesBuildPhase section */

/* Begin PBXSourcesBuildPhase section */
		BF845BDF2A2C7DBE00C51118 /* Sources */ = {
			isa = PBXSourcesBuildPhase;
			buildActionMask = 2147483647;
			files = (
				BF845C132A2C831A00C51118 /* preview.swift in Sources */,
				BF845BE92A2C7DBE00C51118 /* ContentView.swift in Sources */,
				B4C3CFB32A30DB3C00D95627 /* screenqoni.swift in Sources */,
				BF845BE72A2C7DBE00C51118 /* aplikasiiiApp.swift in Sources */,
				F1E13A912A324BA2004E46CD /* ScreenBilla.swift in Sources */,
				F1E13A962A325F4D004E46CD /* PembalutScreen.swift in Sources */,
				68BE927F2A36194100A86AC7 /* VideoView.swift in Sources */,
				B430BE8D2A321FAA00B18D0F /* screenqoni3.swift in Sources */,
				F1E13A932A3256E7004E46CD /* TissueScreen.swift in Sources */,
				F1E13A9C2A32D645004E46CD /* SiapPakaiScreen.swift in Sources */,
				F1E13A982A32D536004E46CD /* PembalutEdu.swift in Sources */,
				68241DCC2A315C720023B109 /* NextScreen.swift in Sources */,
				BF3F476F2A31E03D00760C22 /* screenbillbert.swift in Sources */,
				B463FB822A3718DC00009B2D /* PembalutEdu2.swift in Sources */,
				F1E13AA02A32F4B9004E46CD /* sectionBillaScreen.swift in Sources */,
				B4D915062A31EDF400CB2AA9 /* edukasi.swift in Sources */,
				B4C3CFB52A30E59A00D95627 /* screenqoni2.swift in Sources */,
				B430BE8B2A320A5700B18D0F /* edukasi 2.swift in Sources */,
				68BE927B2A3618D700A86AC7 /* PlaySound.swift in Sources */,
			);
			runOnlyForDeploymentPostprocessing = 0;
		};
		BF845BEF2A2C7DBF00C51118 /* Sources */ = {
			isa = PBXSourcesBuildPhase;
			buildActionMask = 2147483647;
			files = (
				BF845BF82A2C7DBF00C51118 /* aplikasiiiTests.swift in Sources */,
			);
			runOnlyForDeploymentPostprocessing = 0;
		};
		BF845BF92A2C7DBF00C51118 /* Sources */ = {
			isa = PBXSourcesBuildPhase;
			buildActionMask = 2147483647;
			files = (
				BF845C042A2C7DBF00C51118 /* aplikasiiiUITestsLaunchTests.swift in Sources */,
				BF845C022A2C7DBF00C51118 /* aplikasiiiUITests.swift in Sources */,
			);
			runOnlyForDeploymentPostprocessing = 0;
		};
/* End PBXSourcesBuildPhase section */

/* Begin PBXTargetDependency section */
		BF845BF52A2C7DBF00C51118 /* PBXTargetDependency */ = {
			isa = PBXTargetDependency;
			target = BF845BE22A2C7DBE00C51118 /* aplikasiii */;
			targetProxy = BF845BF42A2C7DBF00C51118 /* PBXContainerItemProxy */;
		};
		BF845BFF2A2C7DBF00C51118 /* PBXTargetDependency */ = {
			isa = PBXTargetDependency;
			target = BF845BE22A2C7DBE00C51118 /* aplikasiii */;
			targetProxy = BF845BFE2A2C7DBF00C51118 /* PBXContainerItemProxy */;
		};
/* End PBXTargetDependency section */

/* Begin XCBuildConfiguration section */
		BF845C052A2C7DBF00C51118 /* Debug */ = {
			isa = XCBuildConfiguration;
			buildSettings = {
				ALWAYS_SEARCH_USER_PATHS = NO;
				CLANG_ANALYZER_NONNULL = YES;
				CLANG_ANALYZER_NUMBER_OBJECT_CONVERSION = YES_AGGRESSIVE;
				CLANG_CXX_LANGUAGE_STANDARD = "gnu++20";
				CLANG_ENABLE_MODULES = YES;
				CLANG_ENABLE_OBJC_ARC = YES;
				CLANG_ENABLE_OBJC_WEAK = YES;
				CLANG_WARN_BLOCK_CAPTURE_AUTORELEASING = YES;
				CLANG_WARN_BOOL_CONVERSION = YES;
				CLANG_WARN_COMMA = YES;
				CLANG_WARN_CONSTANT_CONVERSION = YES;
				CLANG_WARN_DEPRECATED_OBJC_IMPLEMENTATIONS = YES;
				CLANG_WARN_DIRECT_OBJC_ISA_USAGE = YES_ERROR;
				CLANG_WARN_DOCUMENTATION_COMMENTS = YES;
				CLANG_WARN_EMPTY_BODY = YES;
				CLANG_WARN_ENUM_CONVERSION = YES;
				CLANG_WARN_INFINITE_RECURSION = YES;
				CLANG_WARN_INT_CONVERSION = YES;
				CLANG_WARN_NON_LITERAL_NULL_CONVERSION = YES;
				CLANG_WARN_OBJC_IMPLICIT_RETAIN_SELF = YES;
				CLANG_WARN_OBJC_LITERAL_CONVERSION = YES;
				CLANG_WARN_OBJC_ROOT_CLASS = YES_ERROR;
				CLANG_WARN_QUOTED_INCLUDE_IN_FRAMEWORK_HEADER = YES;
				CLANG_WARN_RANGE_LOOP_ANALYSIS = YES;
				CLANG_WARN_STRICT_PROTOTYPES = YES;
				CLANG_WARN_SUSPICIOUS_MOVE = YES;
				CLANG_WARN_UNGUARDED_AVAILABILITY = YES_AGGRESSIVE;
				CLANG_WARN_UNREACHABLE_CODE = YES;
				CLANG_WARN__DUPLICATE_METHOD_MATCH = YES;
				COPY_PHASE_STRIP = NO;
				DEBUG_INFORMATION_FORMAT = dwarf;
				ENABLE_STRICT_OBJC_MSGSEND = YES;
				ENABLE_TESTABILITY = YES;
				GCC_C_LANGUAGE_STANDARD = gnu11;
				GCC_DYNAMIC_NO_PIC = NO;
				GCC_NO_COMMON_BLOCKS = YES;
				GCC_OPTIMIZATION_LEVEL = 0;
				GCC_PREPROCESSOR_DEFINITIONS = (
					"DEBUG=1",
					"$(inherited)",
				);
				GCC_WARN_64_TO_32_BIT_CONVERSION = YES;
				GCC_WARN_ABOUT_RETURN_TYPE = YES_ERROR;
				GCC_WARN_UNDECLARED_SELECTOR = YES;
				GCC_WARN_UNINITIALIZED_AUTOS = YES_AGGRESSIVE;
				GCC_WARN_UNUSED_FUNCTION = YES;
				GCC_WARN_UNUSED_VARIABLE = YES;
				IPHONEOS_DEPLOYMENT_TARGET = 16.4;
				MTL_ENABLE_DEBUG_INFO = INCLUDE_SOURCE;
				MTL_FAST_MATH = YES;
				ONLY_ACTIVE_ARCH = YES;
				SDKROOT = iphoneos;
				SWIFT_ACTIVE_COMPILATION_CONDITIONS = DEBUG;
				SWIFT_OPTIMIZATION_LEVEL = "-Onone";
			};
			name = Debug;
		};
		BF845C062A2C7DBF00C51118 /* Release */ = {
			isa = XCBuildConfiguration;
			buildSettings = {
				ALWAYS_SEARCH_USER_PATHS = NO;
				CLANG_ANALYZER_NONNULL = YES;
				CLANG_ANALYZER_NUMBER_OBJECT_CONVERSION = YES_AGGRESSIVE;
				CLANG_CXX_LANGUAGE_STANDARD = "gnu++20";
				CLANG_ENABLE_MODULES = YES;
				CLANG_ENABLE_OBJC_ARC = YES;
				CLANG_ENABLE_OBJC_WEAK = YES;
				CLANG_WARN_BLOCK_CAPTURE_AUTORELEASING = YES;
				CLANG_WARN_BOOL_CONVERSION = YES;
				CLANG_WARN_COMMA = YES;
				CLANG_WARN_CONSTANT_CONVERSION = YES;
				CLANG_WARN_DEPRECATED_OBJC_IMPLEMENTATIONS = YES;
				CLANG_WARN_DIRECT_OBJC_ISA_USAGE = YES_ERROR;
				CLANG_WARN_DOCUMENTATION_COMMENTS = YES;
				CLANG_WARN_EMPTY_BODY = YES;
				CLANG_WARN_ENUM_CONVERSION = YES;
				CLANG_WARN_INFINITE_RECURSION = YES;
				CLANG_WARN_INT_CONVERSION = YES;
				CLANG_WARN_NON_LITERAL_NULL_CONVERSION = YES;
				CLANG_WARN_OBJC_IMPLICIT_RETAIN_SELF = YES;
				CLANG_WARN_OBJC_LITERAL_CONVERSION = YES;
				CLANG_WARN_OBJC_ROOT_CLASS = YES_ERROR;
				CLANG_WARN_QUOTED_INCLUDE_IN_FRAMEWORK_HEADER = YES;
				CLANG_WARN_RANGE_LOOP_ANALYSIS = YES;
				CLANG_WARN_STRICT_PROTOTYPES = YES;
				CLANG_WARN_SUSPICIOUS_MOVE = YES;
				CLANG_WARN_UNGUARDED_AVAILABILITY = YES_AGGRESSIVE;
				CLANG_WARN_UNREACHABLE_CODE = YES;
				CLANG_WARN__DUPLICATE_METHOD_MATCH = YES;
				COPY_PHASE_STRIP = NO;
				DEBUG_INFORMATION_FORMAT = "dwarf-with-dsym";
				ENABLE_NS_ASSERTIONS = NO;
				ENABLE_STRICT_OBJC_MSGSEND = YES;
				GCC_C_LANGUAGE_STANDARD = gnu11;
				GCC_NO_COMMON_BLOCKS = YES;
				GCC_WARN_64_TO_32_BIT_CONVERSION = YES;
				GCC_WARN_ABOUT_RETURN_TYPE = YES_ERROR;
				GCC_WARN_UNDECLARED_SELECTOR = YES;
				GCC_WARN_UNINITIALIZED_AUTOS = YES_AGGRESSIVE;
				GCC_WARN_UNUSED_FUNCTION = YES;
				GCC_WARN_UNUSED_VARIABLE = YES;
				IPHONEOS_DEPLOYMENT_TARGET = 16.4;
				MTL_ENABLE_DEBUG_INFO = NO;
				MTL_FAST_MATH = YES;
				SDKROOT = iphoneos;
				SWIFT_COMPILATION_MODE = wholemodule;
				SWIFT_OPTIMIZATION_LEVEL = "-O";
				VALIDATE_PRODUCT = YES;
			};
			name = Release;
		};
		BF845C082A2C7DBF00C51118 /* Debug */ = {
			isa = XCBuildConfiguration;
			buildSettings = {
				ASSETCATALOG_COMPILER_APPICON_NAME = AppIcon;
				ASSETCATALOG_COMPILER_GLOBAL_ACCENT_COLOR_NAME = AccentColor;
				CODE_SIGN_STYLE = Automatic;
				CURRENT_PROJECT_VERSION = 1;
				DEVELOPMENT_ASSET_PATHS = "\"aplikasiii/Preview Content\"";
				DEVELOPMENT_TEAM = 6WGTY6D2SK;
				ENABLE_PREVIEWS = YES;
				GENERATE_INFOPLIST_FILE = YES;
				INFOPLIST_KEY_UIApplicationSceneManifest_Generation = YES;
				INFOPLIST_KEY_UIApplicationSupportsIndirectInputEvents = YES;
				INFOPLIST_KEY_UILaunchScreen_Generation = YES;
				INFOPLIST_KEY_UISupportedInterfaceOrientations_iPad = "UIInterfaceOrientationPortrait UIInterfaceOrientationPortraitUpsideDown UIInterfaceOrientationLandscapeLeft UIInterfaceOrientationLandscapeRight";
				INFOPLIST_KEY_UISupportedInterfaceOrientations_iPhone = "UIInterfaceOrientationPortrait UIInterfaceOrientationLandscapeLeft UIInterfaceOrientationLandscapeRight";
				LD_RUNPATH_SEARCH_PATHS = (
					"$(inherited)",
					"@executable_path/Frameworks",
				);
				MARKETING_VERSION = 1.0;
				PRODUCT_BUNDLE_IDENTIFIER = bebas.aplikasiii;
				PRODUCT_NAME = "$(TARGET_NAME)";
				SWIFT_EMIT_LOC_STRINGS = YES;
				SWIFT_VERSION = 5.0;
				TARGETED_DEVICE_FAMILY = "1,2";
			};
			name = Debug;
		};
		BF845C092A2C7DBF00C51118 /* Release */ = {
			isa = XCBuildConfiguration;
			buildSettings = {
				ASSETCATALOG_COMPILER_APPICON_NAME = AppIcon;
				ASSETCATALOG_COMPILER_GLOBAL_ACCENT_COLOR_NAME = AccentColor;
				CODE_SIGN_STYLE = Automatic;
				CURRENT_PROJECT_VERSION = 1;
				DEVELOPMENT_ASSET_PATHS = "\"aplikasiii/Preview Content\"";
				DEVELOPMENT_TEAM = 6WGTY6D2SK;
				ENABLE_PREVIEWS = YES;
				GENERATE_INFOPLIST_FILE = YES;
				INFOPLIST_KEY_UIApplicationSceneManifest_Generation = YES;
				INFOPLIST_KEY_UIApplicationSupportsIndirectInputEvents = YES;
				INFOPLIST_KEY_UILaunchScreen_Generation = YES;
				INFOPLIST_KEY_UISupportedInterfaceOrientations_iPad = "UIInterfaceOrientationPortrait UIInterfaceOrientationPortraitUpsideDown UIInterfaceOrientationLandscapeLeft UIInterfaceOrientationLandscapeRight";
				INFOPLIST_KEY_UISupportedInterfaceOrientations_iPhone = "UIInterfaceOrientationPortrait UIInterfaceOrientationLandscapeLeft UIInterfaceOrientationLandscapeRight";
				LD_RUNPATH_SEARCH_PATHS = (
					"$(inherited)",
					"@executable_path/Frameworks",
				);
				MARKETING_VERSION = 1.0;
				PRODUCT_BUNDLE_IDENTIFIER = bebas.aplikasiii;
				PRODUCT_NAME = "$(TARGET_NAME)";
				SWIFT_EMIT_LOC_STRINGS = YES;
				SWIFT_VERSION = 5.0;
				TARGETED_DEVICE_FAMILY = "1,2";
			};
			name = Release;
		};
		BF845C0B2A2C7DBF00C51118 /* Debug */ = {
			isa = XCBuildConfiguration;
			buildSettings = {
				ALWAYS_EMBED_SWIFT_STANDARD_LIBRARIES = YES;
				BUNDLE_LOADER = "$(TEST_HOST)";
				CODE_SIGN_STYLE = Automatic;
				CURRENT_PROJECT_VERSION = 1;
				GENERATE_INFOPLIST_FILE = YES;
				IPHONEOS_DEPLOYMENT_TARGET = 16.4;
				MARKETING_VERSION = 1.0;
				PRODUCT_BUNDLE_IDENTIFIER = bebas.aplikasiiiTests;
				PRODUCT_NAME = "$(TARGET_NAME)";
				SWIFT_EMIT_LOC_STRINGS = NO;
				SWIFT_VERSION = 5.0;
				TARGETED_DEVICE_FAMILY = "1,2";
				TEST_HOST = "$(BUILT_PRODUCTS_DIR)/aplikasiii.app/$(BUNDLE_EXECUTABLE_FOLDER_PATH)/aplikasiii";
			};
			name = Debug;
		};
		BF845C0C2A2C7DBF00C51118 /* Release */ = {
			isa = XCBuildConfiguration;
			buildSettings = {
				ALWAYS_EMBED_SWIFT_STANDARD_LIBRARIES = YES;
				BUNDLE_LOADER = "$(TEST_HOST)";
				CODE_SIGN_STYLE = Automatic;
				CURRENT_PROJECT_VERSION = 1;
				GENERATE_INFOPLIST_FILE = YES;
				IPHONEOS_DEPLOYMENT_TARGET = 16.4;
				MARKETING_VERSION = 1.0;
				PRODUCT_BUNDLE_IDENTIFIER = bebas.aplikasiiiTests;
				PRODUCT_NAME = "$(TARGET_NAME)";
				SWIFT_EMIT_LOC_STRINGS = NO;
				SWIFT_VERSION = 5.0;
				TARGETED_DEVICE_FAMILY = "1,2";
				TEST_HOST = "$(BUILT_PRODUCTS_DIR)/aplikasiii.app/$(BUNDLE_EXECUTABLE_FOLDER_PATH)/aplikasiii";
			};
			name = Release;
		};
		BF845C0E2A2C7DBF00C51118 /* Debug */ = {
			isa = XCBuildConfiguration;
			buildSettings = {
				ALWAYS_EMBED_SWIFT_STANDARD_LIBRARIES = YES;
				CODE_SIGN_STYLE = Automatic;
				CURRENT_PROJECT_VERSION = 1;
				GENERATE_INFOPLIST_FILE = YES;
				MARKETING_VERSION = 1.0;
				PRODUCT_BUNDLE_IDENTIFIER = bebas.aplikasiiiUITests;
				PRODUCT_NAME = "$(TARGET_NAME)";
				SWIFT_EMIT_LOC_STRINGS = NO;
				SWIFT_VERSION = 5.0;
				TARGETED_DEVICE_FAMILY = "1,2";
				TEST_TARGET_NAME = aplikasiii;
			};
			name = Debug;
		};
		BF845C0F2A2C7DBF00C51118 /* Release */ = {
			isa = XCBuildConfiguration;
			buildSettings = {
				ALWAYS_EMBED_SWIFT_STANDARD_LIBRARIES = YES;
				CODE_SIGN_STYLE = Automatic;
				CURRENT_PROJECT_VERSION = 1;
				GENERATE_INFOPLIST_FILE = YES;
				MARKETING_VERSION = 1.0;
				PRODUCT_BUNDLE_IDENTIFIER = bebas.aplikasiiiUITests;
				PRODUCT_NAME = "$(TARGET_NAME)";
				SWIFT_EMIT_LOC_STRINGS = NO;
				SWIFT_VERSION = 5.0;
				TARGETED_DEVICE_FAMILY = "1,2";
				TEST_TARGET_NAME = aplikasiii;
			};
			name = Release;
		};
/* End XCBuildConfiguration section */

/* Begin XCConfigurationList section */
		BF845BDE2A2C7DBE00C51118 /* Build configuration list for PBXProject "aplikasiii" */ = {
			isa = XCConfigurationList;
			buildConfigurations = (
				BF845C052A2C7DBF00C51118 /* Debug */,
				BF845C062A2C7DBF00C51118 /* Release */,
			);
			defaultConfigurationIsVisible = 0;
			defaultConfigurationName = Release;
		};
		BF845C072A2C7DBF00C51118 /* Build configuration list for PBXNativeTarget "aplikasiii" */ = {
			isa = XCConfigurationList;
			buildConfigurations = (
				BF845C082A2C7DBF00C51118 /* Debug */,
				BF845C092A2C7DBF00C51118 /* Release */,
			);
			defaultConfigurationIsVisible = 0;
			defaultConfigurationName = Release;
		};
		BF845C0A2A2C7DBF00C51118 /* Build configuration list for PBXNativeTarget "aplikasiiiTests" */ = {
			isa = XCConfigurationList;
			buildConfigurations = (
				BF845C0B2A2C7DBF00C51118 /* Debug */,
				BF845C0C2A2C7DBF00C51118 /* Release */,
			);
			defaultConfigurationIsVisible = 0;
			defaultConfigurationName = Release;
		};
		BF845C0D2A2C7DBF00C51118 /* Build configuration list for PBXNativeTarget "aplikasiiiUITests" */ = {
			isa = XCConfigurationList;
			buildConfigurations = (
				BF845C0E2A2C7DBF00C51118 /* Debug */,
				BF845C0F2A2C7DBF00C51118 /* Release */,
			);
			defaultConfigurationIsVisible = 0;
			defaultConfigurationName = Release;
		};
/* End XCConfigurationList section */
	};
	rootObject = BF845BDB2A2C7DBE00C51118 /* Project object */;
}
